// !$*UTF8*$!
{
	archiveVersion = 1;
	classes = {
	};
	objectVersion = 46;
	objects = {

/* Begin PBXBuildFile section */
		28736EC01B1D326400C3E544 /* MapViewController.m in Sources */ = {isa = PBXBuildFile; fileRef = 28736EBF1B1D326400C3E544 /* MapViewController.m */; };
		28736EC71B1E1D1100C3E544 /* CoreLocation.framework in Frameworks */ = {isa = PBXBuildFile; fileRef = 28736EC61B1E1D1100C3E544 /* CoreLocation.framework */; };
		28CDAFD81B1E433700182F82 /* Annotation.m in Sources */ = {isa = PBXBuildFile; fileRef = 28CDAFD71B1E433700182F82 /* Annotation.m */; };
		28CDAFDB1B1E6EEF00182F82 /* Overlay.m in Sources */ = {isa = PBXBuildFile; fileRef = 28CDAFDA1B1E6EEF00182F82 /* Overlay.m */; };
		28CDAFE11B1F9DB700182F82 /* CircleView.m in Sources */ = {isa = PBXBuildFile; fileRef = 28CDAFE01B1F9DB700182F82 /* CircleView.m */; };
		28CDAFE41B1FA01600182F82 /* CircularButton.m in Sources */ = {isa = PBXBuildFile; fileRef = 28CDAFE31B1FA01600182F82 /* CircularButton.m */; };
		28CDAFE71B1FCF3700182F82 /* FindViewController.m in Sources */ = {isa = PBXBuildFile; fileRef = 28CDAFE61B1FCF3700182F82 /* FindViewController.m */; };
		28CDAFEB1B1FDD5000182F82 /* SettingsViewController.m in Sources */ = {isa = PBXBuildFile; fileRef = 28CDAFEA1B1FDD5000182F82 /* SettingsViewController.m */; };
		28DDD19C1B1D28EE0037045B /* main.m in Sources */ = {isa = PBXBuildFile; fileRef = 28DDD19B1B1D28EE0037045B /* main.m */; };
		28DDD19F1B1D28EE0037045B /* AppDelegate.m in Sources */ = {isa = PBXBuildFile; fileRef = 28DDD19E1B1D28EE0037045B /* AppDelegate.m */; };
		28DDD1A21B1D28EE0037045B /* MainViewController.m in Sources */ = {isa = PBXBuildFile; fileRef = 28DDD1A11B1D28EE0037045B /* MainViewController.m */; };
		28DDD1A51B1D28EE0037045B /* Main.storyboard in Resources */ = {isa = PBXBuildFile; fileRef = 28DDD1A31B1D28EE0037045B /* Main.storyboard */; };
		28DDD1A71B1D28EE0037045B /* Images.xcassets in Resources */ = {isa = PBXBuildFile; fileRef = 28DDD1A61B1D28EE0037045B /* Images.xcassets */; };
		28DDD1AA1B1D28EE0037045B /* LaunchScreen.xib in Resources */ = {isa = PBXBuildFile; fileRef = 28DDD1A81B1D28EE0037045B /* LaunchScreen.xib */; };
		28DDD1B61B1D28EE0037045B /* FoundYa01Tests.m in Sources */ = {isa = PBXBuildFile; fileRef = 28DDD1B51B1D28EE0037045B /* FoundYa01Tests.m */; };
		28DDD1C51B1D2BD40037045B /* MapKit.framework in Frameworks */ = {isa = PBXBuildFile; fileRef = 28DDD1C41B1D2BD40037045B /* MapKit.framework */; };
/* End PBXBuildFile section */

/* Begin PBXContainerItemProxy section */
		28DDD1B01B1D28EE0037045B /* PBXContainerItemProxy */ = {
			isa = PBXContainerItemProxy;
			containerPortal = 28DDD18E1B1D28EE0037045B /* Project object */;
			proxyType = 1;
			remoteGlobalIDString = 28DDD1951B1D28EE0037045B;
			remoteInfo = FoundYa01;
		};
/* End PBXContainerItemProxy section */

/* Begin PBXFileReference section */
		28736EBE1B1D326400C3E544 /* MapViewController.h */ = {isa = PBXFileReference; fileEncoding = 4; lastKnownFileType = sourcecode.c.h; path = MapViewController.h; sourceTree = "<group>"; };
		28736EBF1B1D326400C3E544 /* MapViewController.m */ = {isa = PBXFileReference; fileEncoding = 4; lastKnownFileType = sourcecode.c.objc; path = MapViewController.m; sourceTree = "<group>"; };
		28736EC61B1E1D1100C3E544 /* CoreLocation.framework */ = {isa = PBXFileReference; lastKnownFileType = wrapper.framework; name = CoreLocation.framework; path = System/Library/Frameworks/CoreLocation.framework; sourceTree = SDKROOT; };
		28CDAFD61B1E433700182F82 /* Annotation.h */ = {isa = PBXFileReference; fileEncoding = 4; lastKnownFileType = sourcecode.c.h; path = Annotation.h; sourceTree = "<group>"; };
		28CDAFD71B1E433700182F82 /* Annotation.m */ = {isa = PBXFileReference; fileEncoding = 4; lastKnownFileType = sourcecode.c.objc; path = Annotation.m; sourceTree = "<group>"; };
		28CDAFD91B1E6EEF00182F82 /* Overlay.h */ = {isa = PBXFileReference; fileEncoding = 4; lastKnownFileType = sourcecode.c.h; path = Overlay.h; sourceTree = "<group>"; };
		28CDAFDA1B1E6EEF00182F82 /* Overlay.m */ = {isa = PBXFileReference; fileEncoding = 4; lastKnownFileType = sourcecode.c.objc; path = Overlay.m; sourceTree = "<group>"; };
		28CDAFDF1B1F9DB700182F82 /* CircleView.h */ = {isa = PBXFileReference; fileEncoding = 4; lastKnownFileType = sourcecode.c.h; path = CircleView.h; sourceTree = "<group>"; };
		28CDAFE01B1F9DB700182F82 /* CircleView.m */ = {isa = PBXFileReference; fileEncoding = 4; lastKnownFileType = sourcecode.c.objc; path = CircleView.m; sourceTree = "<group>"; };
		28CDAFE21B1FA01600182F82 /* CircularButton.h */ = {isa = PBXFileReference; fileEncoding = 4; lastKnownFileType = sourcecode.c.h; path = CircularButton.h; sourceTree = "<group>"; };
		28CDAFE31B1FA01600182F82 /* CircularButton.m */ = {isa = PBXFileReference; fileEncoding = 4; lastKnownFileType = sourcecode.c.objc; path = CircularButton.m; sourceTree = "<group>"; };
		28CDAFE51B1FCF3700182F82 /* FindViewController.h */ = {isa = PBXFileReference; fileEncoding = 4; lastKnownFileType = sourcecode.c.h; path = FindViewController.h; sourceTree = "<group>"; };
		28CDAFE61B1FCF3700182F82 /* FindViewController.m */ = {isa = PBXFileReference; fileEncoding = 4; lastKnownFileType = sourcecode.c.objc; path = FindViewController.m; sourceTree = "<group>"; };
		28CDAFE91B1FDD5000182F82 /* SettingsViewController.h */ = {isa = PBXFileReference; fileEncoding = 4; lastKnownFileType = sourcecode.c.h; path = SettingsViewController.h; sourceTree = "<group>"; };
		28CDAFEA1B1FDD5000182F82 /* SettingsViewController.m */ = {isa = PBXFileReference; fileEncoding = 4; lastKnownFileType = sourcecode.c.objc; path = SettingsViewController.m; sourceTree = "<group>"; };
		28DDD1961B1D28EE0037045B /* FoundYa01.app */ = {isa = PBXFileReference; explicitFileType = wrapper.application; includeInIndex = 0; path = FoundYa01.app; sourceTree = BUILT_PRODUCTS_DIR; };
		28DDD19A1B1D28EE0037045B /* Info.plist */ = {isa = PBXFileReference; lastKnownFileType = text.plist.xml; path = Info.plist; sourceTree = "<group>"; };
		28DDD19B1B1D28EE0037045B /* main.m */ = {isa = PBXFileReference; lastKnownFileType = sourcecode.c.objc; path = main.m; sourceTree = "<group>"; };
		28DDD19D1B1D28EE0037045B /* AppDelegate.h */ = {isa = PBXFileReference; lastKnownFileType = sourcecode.c.h; path = AppDelegate.h; sourceTree = "<group>"; };
		28DDD19E1B1D28EE0037045B /* AppDelegate.m */ = {isa = PBXFileReference; lastKnownFileType = sourcecode.c.objc; path = AppDelegate.m; sourceTree = "<group>"; };
		28DDD1A01B1D28EE0037045B /* MainViewController.h */ = {isa = PBXFileReference; lastKnownFileType = sourcecode.c.h; path = MainViewController.h; sourceTree = "<group>"; };
		28DDD1A11B1D28EE0037045B /* MainViewController.m */ = {isa = PBXFileReference; lastKnownFileType = sourcecode.c.objc; path = MainViewController.m; sourceTree = "<group>"; };
		28DDD1A41B1D28EE0037045B /* Base */ = {isa = PBXFileReference; lastKnownFileType = file.storyboard; name = Base; path = Base.lproj/Main.storyboard; sourceTree = "<group>"; };
		28DDD1A61B1D28EE0037045B /* Images.xcassets */ = {isa = PBXFileReference; lastKnownFileType = folder.assetcatalog; path = Images.xcassets; sourceTree = "<group>"; };
		28DDD1A91B1D28EE0037045B /* Base */ = {isa = PBXFileReference; lastKnownFileType = file.xib; name = Base; path = Base.lproj/LaunchScreen.xib; sourceTree = "<group>"; };
		28DDD1AF1B1D28EE0037045B /* FoundYa01Tests.xctest */ = {isa = PBXFileReference; explicitFileType = wrapper.cfbundle; includeInIndex = 0; path = FoundYa01Tests.xctest; sourceTree = BUILT_PRODUCTS_DIR; };
		28DDD1B41B1D28EE0037045B /* Info.plist */ = {isa = PBXFileReference; lastKnownFileType = text.plist.xml; path = Info.plist; sourceTree = "<group>"; };
		28DDD1B51B1D28EE0037045B /* FoundYa01Tests.m */ = {isa = PBXFileReference; lastKnownFileType = sourcecode.c.objc; path = FoundYa01Tests.m; sourceTree = "<group>"; };
		28DDD1C41B1D2BD40037045B /* MapKit.framework */ = {isa = PBXFileReference; lastKnownFileType = wrapper.framework; name = MapKit.framework; path = System/Library/Frameworks/MapKit.framework; sourceTree = SDKROOT; };
/* End PBXFileReference section */

/* Begin PBXFrameworksBuildPhase section */
		28DDD1931B1D28EE0037045B /* Frameworks */ = {
			isa = PBXFrameworksBuildPhase;
			buildActionMask = 2147483647;
			files = (
				28736EC71B1E1D1100C3E544 /* CoreLocation.framework in Frameworks */,
				28DDD1C51B1D2BD40037045B /* MapKit.framework in Frameworks */,
			);
			runOnlyForDeploymentPostprocessing = 0;
		};
		28DDD1AC1B1D28EE0037045B /* Frameworks */ = {
			isa = PBXFrameworksBuildPhase;
			buildActionMask = 2147483647;
			files = (
			);
			runOnlyForDeploymentPostprocessing = 0;
		};
/* End PBXFrameworksBuildPhase section */

/* Begin PBXGroup section */
		28CDAFE81B1FDD2000182F82 /* Model */ = {
			isa = PBXGroup;
			children = (
				28CDAFD61B1E433700182F82 /* Annotation.h */,
				28CDAFD71B1E433700182F82 /* Annotation.m */,
				28CDAFE21B1FA01600182F82 /* CircularButton.h */,
				28CDAFE31B1FA01600182F82 /* CircularButton.m */,
				28CDAFD91B1E6EEF00182F82 /* Overlay.h */,
				28CDAFDA1B1E6EEF00182F82 /* Overlay.m */,
				28CDAFDF1B1F9DB700182F82 /* CircleView.h */,
				28CDAFE01B1F9DB700182F82 /* CircleView.m */,
			);
			name = Model;
			sourceTree = "<group>";
		};
		28DDD18D1B1D28EE0037045B = {
			isa = PBXGroup;
			children = (
				28DDD1981B1D28EE0037045B /* FoundYa01 */,
				28DDD1B21B1D28EE0037045B /* FoundYa01Tests */,
				28DDD1971B1D28EE0037045B /* Products */,
			);
			sourceTree = "<group>";
		};
		28DDD1971B1D28EE0037045B /* Products */ = {
			isa = PBXGroup;
			children = (
				28DDD1961B1D28EE0037045B /* FoundYa01.app */,
				28DDD1AF1B1D28EE0037045B /* FoundYa01Tests.xctest */,
			);
			name = Products;
			sourceTree = "<group>";
		};
		28DDD1981B1D28EE0037045B /* FoundYa01 */ = {
			isa = PBXGroup;
			children = (
				28CDAFE81B1FDD2000182F82 /* Model */,
				28DDD1BF1B1D2B0C0037045B /* Controllers */,
				28DDD19D1B1D28EE0037045B /* AppDelegate.h */,
				28DDD19E1B1D28EE0037045B /* AppDelegate.m */,
				28DDD1A31B1D28EE0037045B /* Main.storyboard */,
				28736EC61B1E1D1100C3E544 /* CoreLocation.framework */,
				28DDD1C41B1D2BD40037045B /* MapKit.framework */,
				28DDD1C31B1D2BB90037045B /* Frameworks */,
				28DDD1A61B1D28EE0037045B /* Images.xcassets */,
				28DDD1A81B1D28EE0037045B /* LaunchScreen.xib */,
				28DDD1991B1D28EE0037045B /* Supporting Files */,
			);
			path = FoundYa01;
			sourceTree = "<group>";
		};
		28DDD1991B1D28EE0037045B /* Supporting Files */ = {
			isa = PBXGroup;
			children = (
				28DDD19A1B1D28EE0037045B /* Info.plist */,
				28DDD19B1B1D28EE0037045B /* main.m */,
			);
			name = "Supporting Files";
			sourceTree = "<group>";
		};
		28DDD1B21B1D28EE0037045B /* FoundYa01Tests */ = {
			isa = PBXGroup;
			children = (
				28DDD1B51B1D28EE0037045B /* FoundYa01Tests.m */,
				28DDD1B31B1D28EE0037045B /* Supporting Files */,
			);
			path = FoundYa01Tests;
			sourceTree = "<group>";
		};
		28DDD1B31B1D28EE0037045B /* Supporting Files */ = {
			isa = PBXGroup;
			children = (
				28DDD1B41B1D28EE0037045B /* Info.plist */,
			);
			name = "Supporting Files";
			sourceTree = "<group>";
		};
		28DDD1BF1B1D2B0C0037045B /* Controllers */ = {
			isa = PBXGroup;
			children = (
				28CDAFE51B1FCF3700182F82 /* FindViewController.h */,
				28CDAFE61B1FCF3700182F82 /* FindViewController.m */,
				28DDD1A01B1D28EE0037045B /* MainViewController.h */,
				28DDD1A11B1D28EE0037045B /* MainViewController.m */,
				28736EBE1B1D326400C3E544 /* MapViewController.h */,
				28736EBF1B1D326400C3E544 /* MapViewController.m */,
				28CDAFE91B1FDD5000182F82 /* SettingsViewController.h */,
				28CDAFEA1B1FDD5000182F82 /* SettingsViewController.m */,
			);
			name = Controllers;
			sourceTree = "<group>";
		};
		28DDD1C31B1D2BB90037045B /* Frameworks */ = {
			isa = PBXGroup;
			children = (
			);
			name = Frameworks;
			sourceTree = "<group>";
		};
/* End PBXGroup section */

/* Begin PBXNativeTarget section */
		28DDD1951B1D28EE0037045B /* FoundYa01 */ = {
			isa = PBXNativeTarget;
			buildConfigurationList = 28DDD1B91B1D28EE0037045B /* Build configuration list for PBXNativeTarget "FoundYa01" */;
			buildPhases = (
				28DDD1921B1D28EE0037045B /* Sources */,
				28DDD1931B1D28EE0037045B /* Frameworks */,
				28DDD1941B1D28EE0037045B /* Resources */,
			);
			buildRules = (
			);
			dependencies = (
			);
			name = FoundYa01;
			productName = FoundYa01;
			productReference = 28DDD1961B1D28EE0037045B /* FoundYa01.app */;
			productType = "com.apple.product-type.application";
		};
		28DDD1AE1B1D28EE0037045B /* FoundYa01Tests */ = {
			isa = PBXNativeTarget;
			buildConfigurationList = 28DDD1BC1B1D28EE0037045B /* Build configuration list for PBXNativeTarget "FoundYa01Tests" */;
			buildPhases = (
				28DDD1AB1B1D28EE0037045B /* Sources */,
				28DDD1AC1B1D28EE0037045B /* Frameworks */,
				28DDD1AD1B1D28EE0037045B /* Resources */,
			);
			buildRules = (
			);
			dependencies = (
				28DDD1B11B1D28EE0037045B /* PBXTargetDependency */,
			);
			name = FoundYa01Tests;
			productName = FoundYa01Tests;
			productReference = 28DDD1AF1B1D28EE0037045B /* FoundYa01Tests.xctest */;
			productType = "com.apple.product-type.bundle.unit-test";
		};
/* End PBXNativeTarget section */

/* Begin PBXProject section */
		28DDD18E1B1D28EE0037045B /* Project object */ = {
			isa = PBXProject;
			attributes = {
				LastUpgradeCheck = 0630;
				ORGANIZATIONNAME = "Catherine Reyto";
				TargetAttributes = {
					28DDD1951B1D28EE0037045B = {
						CreatedOnToolsVersion = 6.3.2;
					};
					28DDD1AE1B1D28EE0037045B = {
						CreatedOnToolsVersion = 6.3.2;
						TestTargetID = 28DDD1951B1D28EE0037045B;
					};
				};
			};
			buildConfigurationList = 28DDD1911B1D28EE0037045B /* Build configuration list for PBXProject "FoundYa01" */;
			compatibilityVersion = "Xcode 3.2";
			developmentRegion = English;
			hasScannedForEncodings = 0;
			knownRegions = (
				en,
				Base,
			);
			mainGroup = 28DDD18D1B1D28EE0037045B;
			productRefGroup = 28DDD1971B1D28EE0037045B /* Products */;
			projectDirPath = "";
			projectRoot = "";
			targets = (
				28DDD1951B1D28EE0037045B /* FoundYa01 */,
				28DDD1AE1B1D28EE0037045B /* FoundYa01Tests */,
			);
		};
/* End PBXProject section */

/* Begin PBXResourcesBuildPhase section */
		28DDD1941B1D28EE0037045B /* Resources */ = {
			isa = PBXResourcesBuildPhase;
			buildActionMask = 2147483647;
			files = (
				28DDD1A51B1D28EE0037045B /* Main.storyboard in Resources */,
				28DDD1AA1B1D28EE0037045B /* LaunchScreen.xib in Resources */,
				28DDD1A71B1D28EE0037045B /* Images.xcassets in Resources */,
			);
			runOnlyForDeploymentPostprocessing = 0;
		};
		28DDD1AD1B1D28EE0037045B /* Resources */ = {
			isa = PBXResourcesBuildPhase;
			buildActionMask = 2147483647;
			files = (
			);
			runOnlyForDeploymentPostprocessing = 0;
		};
/* End PBXResourcesBuildPhase section */

/* Begin PBXSourcesBuildPhase section */
		28DDD1921B1D28EE0037045B /* Sources */ = {
			isa = PBXSourcesBuildPhase;
			buildActionMask = 2147483647;
			files = (
				28CDAFE71B1FCF3700182F82 /* FindViewController.m in Sources */,
				28CDAFD81B1E433700182F82 /* Annotation.m in Sources */,
				28DDD1A21B1D28EE0037045B /* MainViewController.m in Sources */,
				28CDAFDB1B1E6EEF00182F82 /* Overlay.m in Sources */,
				28DDD19F1B1D28EE0037045B /* AppDelegate.m in Sources */,
				28CDAFE41B1FA01600182F82 /* CircularButton.m in Sources */,
				28CDAFE11B1F9DB700182F82 /* CircleView.m in Sources */,
				28CDAFEB1B1FDD5000182F82 /* SettingsViewController.m in Sources */,
				28DDD19C1B1D28EE0037045B /* main.m in Sources */,
				28736EC01B1D326400C3E544 /* MapViewController.m in Sources */,
			);
			runOnlyForDeploymentPostprocessing = 0;
		};
		28DDD1AB1B1D28EE0037045B /* Sources */ = {
			isa = PBXSourcesBuildPhase;
			buildActionMask = 2147483647;
			files = (
				28DDD1B61B1D28EE0037045B /* FoundYa01Tests.m in Sources */,
			);
			runOnlyForDeploymentPostprocessing = 0;
		};
/* End PBXSourcesBuildPhase section */

/* Begin PBXTargetDependency section */
		28DDD1B11B1D28EE0037045B /* PBXTargetDependency */ = {
			isa = PBXTargetDependency;
			target = 28DDD1951B1D28EE0037045B /* FoundYa01 */;
			targetProxy = 28DDD1B01B1D28EE0037045B /* PBXContainerItemProxy */;
		};
/* End PBXTargetDependency section */

/* Begin PBXVariantGroup section */
		28DDD1A31B1D28EE0037045B /* Main.storyboard */ = {
			isa = PBXVariantGroup;
			children = (
				28DDD1A41B1D28EE0037045B /* Base */,
			);
			name = Main.storyboard;
			sourceTree = "<group>";
		};
		28DDD1A81B1D28EE0037045B /* LaunchScreen.xib */ = {
			isa = PBXVariantGroup;
			children = (
				28DDD1A91B1D28EE0037045B /* Base */,
			);
			name = LaunchScreen.xib;
			sourceTree = "<group>";
		};
/* End PBXVariantGroup section */

/* Begin XCBuildConfiguration section */
		28DDD1B71B1D28EE0037045B /* Debug */ = {
			isa = XCBuildConfiguration;
			buildSettings = {
				ALWAYS_SEARCH_USER_PATHS = NO;
				CLANG_CXX_LANGUAGE_STANDARD = "gnu++0x";
				CLANG_CXX_LIBRARY = "libc++";
				CLANG_ENABLE_MODULES = YES;
				CLANG_ENABLE_OBJC_ARC = YES;
				CLANG_WARN_BOOL_CONVERSION = YES;
				CLANG_WARN_CONSTANT_CONVERSION = YES;
				CLANG_WARN_DIRECT_OBJC_ISA_USAGE = YES_ERROR;
				CLANG_WARN_EMPTY_BODY = YES;
				CLANG_WARN_ENUM_CONVERSION = YES;
				CLANG_WARN_INT_CONVERSION = YES;
				CLANG_WARN_OBJC_ROOT_CLASS = YES_ERROR;
				CLANG_WARN_UNREACHABLE_CODE = YES;
				CLANG_WARN__DUPLICATE_METHOD_MATCH = YES;
				"CODE_SIGN_IDENTITY[sdk=iphoneos*]" = "iPhone Developer";
				COPY_PHASE_STRIP = NO;
				DEBUG_INFORMATION_FORMAT = "dwarf-with-dsym";
				ENABLE_STRICT_OBJC_MSGSEND = YES;
				GCC_C_LANGUAGE_STANDARD = gnu99;
				GCC_DYNAMIC_NO_PIC = NO;
				GCC_NO_COMMON_BLOCKS = YES;
				GCC_OPTIMIZATION_LEVEL = 0;
				GCC_PREPROCESSOR_DEFINITIONS = (
					"DEBUG=1",
					"$(inherited)",
				);
				GCC_SYMBOLS_PRIVATE_EXTERN = NO;
				GCC_WARN_64_TO_32_BIT_CONVERSION = YES;
				GCC_WARN_ABOUT_RETURN_TYPE = YES_ERROR;
				GCC_WARN_UNDECLARED_SELECTOR = YES;
				GCC_WARN_UNINITIALIZED_AUTOS = YES_AGGRESSIVE;
				GCC_WARN_UNUSED_FUNCTION = YES;
				GCC_WARN_UNUSED_VARIABLE = YES;
				IPHONEOS_DEPLOYMENT_TARGET = 8.3;
				MTL_ENABLE_DEBUG_INFO = YES;
				ONLY_ACTIVE_ARCH = YES;
				SDKROOT = iphoneos;
			};
			name = Debug;
		};
		28DDD1B81B1D28EE0037045B /* Release */ = {
			isa = XCBuildConfiguration;
			buildSettings = {
				ALWAYS_SEARCH_USER_PATHS = NO;
				CLANG_CXX_LANGUAGE_STANDARD = "gnu++0x";
				CLANG_CXX_LIBRARY = "libc++";
				CLANG_ENABLE_MODULES = YES;
				CLANG_ENABLE_OBJC_ARC = YES;
				CLANG_WARN_BOOL_CONVERSION = YES;
				CLANG_WARN_CONSTANT_CONVERSION = YES;
				CLANG_WARN_DIRECT_OBJC_ISA_USAGE = YES_ERROR;
				CLANG_WARN_EMPTY_BODY = YES;
				CLANG_WARN_ENUM_CONVERSION = YES;
				CLANG_WARN_INT_CONVERSION = YES;
				CLANG_WARN_OBJC_ROOT_CLASS = YES_ERROR;
				CLANG_WARN_UNREACHABLE_CODE = YES;
				CLANG_WARN__DUPLICATE_METHOD_MATCH = YES;
				"CODE_SIGN_IDENTITY[sdk=iphoneos*]" = "iPhone Developer";
				COPY_PHASE_STRIP = NO;
				DEBUG_INFORMATION_FORMAT = "dwarf-with-dsym";
				ENABLE_NS_ASSERTIONS = NO;
				ENABLE_STRICT_OBJC_MSGSEND = YES;
				GCC_C_LANGUAGE_STANDARD = gnu99;
				GCC_NO_COMMON_BLOCKS = YES;
				GCC_WARN_64_TO_32_BIT_CONVERSION = YES;
				GCC_WARN_ABOUT_RETURN_TYPE = YES_ERROR;
				GCC_WARN_UNDECLARED_SELECTOR = YES;
				GCC_WARN_UNINITIALIZED_AUTOS = YES_AGGRESSIVE;
				GCC_WARN_UNUSED_FUNCTION = YES;
				GCC_WARN_UNUSED_VARIABLE = YES;
				IPHONEOS_DEPLOYMENT_TARGET = 8.3;
				MTL_ENABLE_DEBUG_INFO = NO;
				SDKROOT = iphoneos;
				VALIDATE_PRODUCT = YES;
			};
			name = Release;
		};
		28DDD1BA1B1D28EE0037045B /* Debug */ = {
			isa = XCBuildConfiguration;
			buildSettings = {
				ASSETCATALOG_COMPILER_APPICON_NAME = AppIcon;
				INFOPLIST_FILE = FoundYa01/Info.plist;
				LD_RUNPATH_SEARCH_PATHS = "$(inherited) @executable_path/Frameworks";
				PRODUCT_NAME = "$(TARGET_NAME)";
			};
			name = Debug;
		};
		28DDD1BB1B1D28EE0037045B /* Release */ = {
			isa = XCBuildConfiguration;
			buildSettings = {
				ASSETCATALOG_COMPILER_APPICON_NAME = AppIcon;
				INFOPLIST_FILE = FoundYa01/Info.plist;
				LD_RUNPATH_SEARCH_PATHS = "$(inherited) @executable_path/Frameworks";
				PRODUCT_NAME = "$(TARGET_NAME)";
			};
			name = Release;
		};
		28DDD1BD1B1D28EE0037045B /* Debug */ = {
			isa = XCBuildConfiguration;
			buildSettings = {
				BUNDLE_LOADER = "$(TEST_HOST)";
				FRAMEWORK_SEARCH_PATHS = (
					"$(SDKROOT)/Developer/Library/Frameworks",
					"$(inherited)",
				);
				GCC_PREPROCESSOR_DEFINITIONS = (
					"DEBUG=1",
					"$(inherited)",
				);
				INFOPLIST_FILE = FoundYa01Tests/Info.plist;
				LD_RUNPATH_SEARCH_PATHS = "$(inherited) @executable_path/Frameworks @loader_path/Frameworks";
				PRODUCT_NAME = "$(TARGET_NAME)";
				TEST_HOST = "$(BUILT_PRODUCTS_DIR)/FoundYa01.app/FoundYa01";
			};
			name = Debug;
		};
		28DDD1BE1B1D28EE0037045B /* Release */ = {
			isa = XCBuildConfiguration;
			buildSettings = {
				BUNDLE_LOADER = "$(TEST_HOST)";
				FRAMEWORK_SEARCH_PATHS = (
					"$(SDKROOT)/Developer/Library/Frameworks",
					"$(inherited)",
				);
				INFOPLIST_FILE = FoundYa01Tests/Info.plist;
				LD_RUNPATH_SEARCH_PATHS = "$(inherited) @executable_path/Frameworks @loader_path/Frameworks";
				PRODUCT_NAME = "$(TARGET_NAME)";
				TEST_HOST = "$(BUILT_PRODUCTS_DIR)/FoundYa01.app/FoundYa01";
			};
			name = Release;
		};
/* End XCBuildConfiguration section */

/* Begin XCConfigurationList section */
		28DDD1911B1D28EE0037045B /* Build configuration list for PBXProject "FoundYa01" */ = {
			isa = XCConfigurationList;
			buildConfigurations = (
				28DDD1B71B1D28EE0037045B /* Debug */,
				28DDD1B81B1D28EE0037045B /* Release */,
			);
			defaultConfigurationIsVisible = 0;
			defaultConfigurationName = Release;
		};
		28DDD1B91B1D28EE0037045B /* Build configuration list for PBXNativeTarget "FoundYa01" */ = {
			isa = XCConfigurationList;
			buildConfigurations = (
				28DDD1BA1B1D28EE0037045B /* Debug */,
				28DDD1BB1B1D28EE0037045B /* Release */,
			);
			defaultConfigurationIsVisible = 0;
			defaultConfigurationName = Release;
		};
		28DDD1BC1B1D28EE0037045B /* Build configuration list for PBXNativeTarget "FoundYa01Tests" */ = {
			isa = XCConfigurationList;
			buildConfigurations = (
				28DDD1BD1B1D28EE0037045B /* Debug */,
				28DDD1BE1B1D28EE0037045B /* Release */,
			);
			defaultConfigurationIsVisible = 0;
			defaultConfigurationName = Release;
		};
/* End XCConfigurationList section */
	};
	rootObject = 28DDD18E1B1D28EE0037045B /* Project object */;
}
